<?xml version="1.0" encoding="utf-8"?>
<Project ToolsVersion="4.0" xmlns="http://schemas.microsoft.com/developer/msbuild/2003">
  <ItemGroup>
    <Filter Include="소스 파일">
      <UniqueIdentifier>{4FC737F1-C7A5-4376-A066-2A32D752A2FF}</UniqueIdentifier>
      <Extensions>cpp;c;cc;cxx;c++;cppm;ixx;def;odl;idl;hpj;bat;asm;asmx</Extensions>
    </Filter>
    <Filter Include="헤더 파일">
      <UniqueIdentifier>{93995380-89BD-4b04-88EB-625FBE52EBFB}</UniqueIdentifier>
      <Extensions>h;hh;hpp;hxx;h++;hm;inl;inc;ipp;xsd</Extensions>
    </Filter>
    <Filter Include="리소스 파일">
      <UniqueIdentifier>{67DA6AB6-F800-4c08-8B7A-83BB121AAD01}</UniqueIdentifier>
      <Extensions>rc;ico;cur;bmp;dlg;rc2;rct;bin;rgs;gif;jpg;jpeg;jpe;resx;tiff;tif;png;wav;mfcribbon-ms</Extensions>
    </Filter>
  </ItemGroup>
  <ItemGroup>
    <ClCompile Include="형_변환_연산자.c">
      <Filter>소스 파일</Filter>
    </ClCompile>
    <ClCompile Include="문자와_문자열_입력.c">
      <Filter>소스 파일</Filter>
    </ClCompile>
    <ClCompile Include="콤마_연산자.c">
      <Filter>소스 파일</Filter>
    </ClCompile>
    <ClCompile Include="양식.c">
      <Filter>소스 파일</Filter>
    </ClCompile>
    <ClCompile Include="함수_만들기.c">
      <Filter>소스 파일</Filter>
    </ClCompile>
    <ClCompile Include="배열_선언.c">
      <Filter>소스 파일</Filter>
    </ClCompile>
    <ClCompile Include="배열_초기화.c">
      <Filter>소스 파일</Filter>
    </ClCompile>
    <ClCompile Include="sizeof_배열.c">
      <Filter>소스 파일</Filter>
    </ClCompile>
    <ClCompile Include="문자열_char_배열.c">
      <Filter>소스 파일</Filter>
    </ClCompile>
    <ClCompile Include="strcpy_함수.c">
      <Filter>소스 파일</Filter>
    </ClCompile>
    <ClCompile Include="gets_puts_함수.c">
      <Filter>소스 파일</Filter>
    </ClCompile>
    <ClCompile Include="주소_연산자.c">
      <Filter>소스 파일</Filter>
    </ClCompile>
    <ClCompile Include="포인터.c">
      <Filter>소스 파일</Filter>
    </ClCompile>
    <ClCompile Include="const_포인터.c">
      <Filter>소스 파일</Filter>
    </ClCompile>
    <ClCompile Include="포인터_크기.c">
      <Filter>소스 파일</Filter>
    </ClCompile>
    <ClCompile Include="포인터_값_교환.c">
      <Filter>소스 파일</Filter>
    </ClCompile>
    <ClCompile Include="배열명_연산.c">
      <Filter>소스 파일</Filter>
    </ClCompile>
    <ClCompile Include="배열명_포인터.c">
      <Filter>소스 파일</Filter>
    </ClCompile>
    <ClCompile Include="포인터_뺄셈_관계_연산.c">
      <Filter>소스 파일</Filter>
    </ClCompile>
    <ClCompile Include="배열_함수.c">
      <Filter>소스 파일</Filter>
    </ClCompile>
    <ClCompile Include="getchar_putchar.c">
      <Filter>소스 파일</Filter>
    </ClCompile>
    <ClCompile Include="버퍼_입력.c">
      <Filter>소스 파일</Filter>
    </ClCompile>
    <ClCompile Include="scanf_반환값_활용.c">
      <Filter>소스 파일</Filter>
    </ClCompile>
    <ClCompile Include="버퍼_지우기.c">
      <Filter>소스 파일</Filter>
    </ClCompile>
    <ClCompile Include="문자열_상수_주소.c">
      <Filter>소스 파일</Filter>
    </ClCompile>
    <ClCompile Include="포인터_문자열.c">
      <Filter>소스 파일</Filter>
    </ClCompile>
    <ClCompile Include="scanf_문자열.c">
      <Filter>소스 파일</Filter>
    </ClCompile>
    <ClCompile Include="gets_문자열.c">
      <Filter>소스 파일</Filter>
    </ClCompile>
    <ClCompile Include="fgets_문자열.c">
      <Filter>소스 파일</Filter>
    </ClCompile>
    <ClCompile Include="버퍼_공유_문제.c">
      <Filter>소스 파일</Filter>
    </ClCompile>
    <ClCompile Include="strcmp_strncmp.c">
      <Filter>소스 파일</Filter>
    </ClCompile>
    <ClCompile Include="정적_지역_변수.c">
      <Filter>소스 파일</Filter>
    </ClCompile>
    <ClCompile Include="2차원_배열_초가화.c">
      <Filter>소스 파일</Filter>
    </ClCompile>
    <ClCompile Include="2차원_char_배열_초기화.c">
      <Filter>소스 파일</Filter>
    </ClCompile>
    <ClCompile Include="포인터_배열1.c">
      <Filter>소스 파일</Filter>
    </ClCompile>
    <ClCompile Include="포인터_배열2.c">
      <Filter>소스 파일</Filter>
    </ClCompile>
    <ClCompile Include="이중_포인터.c">
      <Filter>소스 파일</Filter>
    </ClCompile>
    <ClCompile Include="이중_포인터_활용1.c">
      <Filter>소스 파일</Filter>
    </ClCompile>
    <ClCompile Include="이중_포인터_활용2.c">
      <Filter>소스 파일</Filter>
    </ClCompile>
    <ClCompile Include="2차원_배열과_배열_포인터1.c">
      <Filter>소스 파일</Filter>
    </ClCompile>
    <ClCompile Include="2차원_배열과_배열_포인터2.c">
      <Filter>소스 파일</Filter>
    </ClCompile>
    <ClCompile Include="함수_포인터.c">
      <Filter>소스 파일</Filter>
    </ClCompile>
    <ClCompile Include="함수_포인터_활용.c">
      <Filter>소스 파일</Filter>
    </ClCompile>
    <ClCompile Include="void_포인터.c">
      <Filter>소스 파일</Filter>
    </ClCompile>
    <ClCompile Include="malloc_free.c">
      <Filter>소스 파일</Filter>
    </ClCompile>
    <ClCompile Include="동적_할당_배열.c">
      <Filter>소스 파일</Filter>
    </ClCompile>
    <ClCompile Include="동적_할당_문자열_처리1.c">
      <Filter>소스 파일</Filter>
    </ClCompile>
    <ClCompile Include="동적_할당_문자열_처리2.c">
      <Filter>소스 파일</Filter>
    </ClCompile>
    <ClCompile Include="main_함수_명령행_인수.c">
      <Filter>소스 파일</Filter>
    </ClCompile>
    <ClCompile Include="구조체.c">
      <Filter>소스 파일</Filter>
    </ClCompile>
    <ClCompile Include="구조체_멤버.c">
      <Filter>소스 파일</Filter>
    </ClCompile>
    <ClCompile Include="구조체_변수_초기화.c">
      <Filter>소스 파일</Filter>
    </ClCompile>
    <ClCompile Include="구조체_포인터.c">
      <Filter>소스 파일</Filter>
    </ClCompile>
    <ClCompile Include="구조체_배열_함수.c">
      <Filter>소스 파일</Filter>
    </ClCompile>
    <ClCompile Include="자기_참조_구조체_연결_리스트.c">
      <Filter>소스 파일</Filter>
    </ClCompile>
  </ItemGroup>
</Project>